
Microsoft Visual Studio Solution File, Format Version 12.00
# Visual Studio 15
VisualStudioVersion = 15.0.27130.2024
MinimumVisualStudioVersion = 10.0.40219.1
Project("{FAE04EC0-301F-11D3-BF4B-00C04F79EFBC}") = "Trivia", "Trivia\Trivia.csproj", "{6DF4340A-A044-4593-BC79-8F7961BB91E7}"
EndProject
Project("{FAE04EC0-301F-11D3-BF4B-00C04F79EFBC}") = "TriviaTest", "TriviaTest\TriviaTest.csproj", "{69A679B7-38CC-4764-91E8-00D7F2CA00CD}"
	ProjectSection(ProjectDependencies) = postProject
		{6DF4340A-A044-4593-BC79-8F7961BB91E7} = {6DF4340A-A044-4593-BC79-8F7961BB91E7}
	EndProjectSection
EndProject
Global
	GlobalSection(SolutionConfigurationPlatforms) = preSolution
		Debug|Any CPU = Debug|Any CPU
		Debug|x86 = Debug|x86
		Release|Any CPU = Release|Any CPU
		Release|x86 = Release|x86
	EndGlobalSection
	GlobalSection(ProjectConfigurationPlatforms) = postSolution
		{6DF4340A-A044-4593-BC79-8F7961BB91E7}.Debug|Any CPU.ActiveCfg = Debug|x86
		{6DF4340A-A044-4593-BC79-8F7961BB91E7}.Debug|x86.ActiveCfg = Debug|x86
		{6DF4340A-A044-4593-BC79-8F7961BB91E7}.Debug|x86.Build.0 = Debug|x86
		{6DF4340A-A044-4593-BC79-8F7961BB91E7}.Release|Any CPU.ActiveCfg = Release|x86
		{6DF4340A-A044-4593-BC79-8F7961BB91E7}.Release|x86.ActiveCfg = Release|x86
		{6DF4340A-A044-4593-BC79-8F7961BB91E7}.Release|x86.Build.0 = Release|x86
		{69A679B7-38CC-4764-91E8-00D7F2CA00CD}.Debug|Any CPU.ActiveCfg = Debug|Any CPU
		{69A679B7-38CC-4764-91E8-00D7F2CA00CD}.Debug|Any CPU.Build.0 = Debug|Any CPU
		{69A679B7-38CC-4764-91E8-00D7F2CA00CD}.Debug|x86.ActiveCfg = Debug|Any CPU
		{69A679B7-38CC-4764-91E8-00D7F2CA00CD}.Debug|x86.Build.0 = Debug|Any CPU
		{69A679B7-38CC-4764-91E8-00D7F2CA00CD}.Release|Any CPU.ActiveCfg = Release|Any CPU
		{69A679B7-38CC-4764-91E8-00D7F2CA00CD}.Release|Any CPU.Build.0 = Release|Any CPU
		{69A679B7-38CC-4764-91E8-00D7F2CA00CD}.Release|x86.ActiveCfg = Release|Any CPU
		{69A679B7-38CC-4764-91E8-00D7F2CA00CD}.Release|x86.Build.0 = Release|Any CPU
	EndGlobalSection
	GlobalSection(SolutionProperties) = preSolution
		HideSolutionNode = FALSE
	EndGlobalSection
	GlobalSection(ExtensibilityGlobals) = postSolution
		SolutionGuid = {501166AF-94DD-483D-B6AF-4ABC5E74F65D}
	EndGlobalSection
EndGlobal
